
Microsoft Visual Studio Solution File, Format Version 12.00
# Visual Studio Version 17
VisualStudioVersion = 17.14.36414.22
MinimumVisualStudioVersion = 10.0.40219.1
Project("{FAE04EC0-301F-11D3-BF4B-00C04F79EFBC}") = "FlexBackend.Admin", "FlexBackend.Admin\FlexBackend.Admin.csproj", "{F3E81178-2C30-429F-B697-A9A8F2561B3F}"
EndProject
Project("{2150E333-8FDC-42A3-9474-1A3956D46DE8}") = "FlexBackend.StyleMain", "FlexBackend.StyleMain", "{02EA681E-C7D8-13C7-8484-4AC65E1B71E8}"
EndProject
Project("{2150E333-8FDC-42A3-9474-1A3956D46DE8}") = "FlexBackend.Share", "FlexBackend.Share", "{9FF153ED-5BD2-4161-A7BC-0758E5993E6F}"
EndProject
Project("{2150E333-8FDC-42A3-9474-1A3956D46DE8}") = "FlexBackend.Module", "FlexBackend.Module", "{B8CF0AB5-AB76-451A-9A5B-5B06E59DC85A}"
EndProject
Project("{FAE04EC0-301F-11D3-BF4B-00C04F79EFBC}") = "FlexBackend.USER.Rcl", "FlexBackend.Module\FlexBackend.Users.Rcl\FlexBackend.USER.Rcl.csproj", "{57537805-50A4-4F9D-B461-8AE1095B528E}"
EndProject
Project("{FAE04EC0-301F-11D3-BF4B-00C04F79EFBC}") = "FlexBackend.MKT.Rcl", "FlexBackend.Module\FlexBackend.MKT.Rcl\FlexBackend.MKT.Rcl.csproj", "{9F87887B-10CC-4685-B6D2-7D9E97B27303}"
EndProject
Project("{FAE04EC0-301F-11D3-BF4B-00C04F79EFBC}") = "FlexBackend.CS.Rcl", "FlexBackend.Module\FlexBackend.CS.Rcl\FlexBackend.CS.Rcl.csproj", "{0DF0F225-255C-4780-9773-DEDD2D10F98D}"
EndProject
Project("{FAE04EC0-301F-11D3-BF4B-00C04F79EFBC}") = "FlexBackend.CNT.Rcl", "FlexBackend.Module\FlexBackend.CNT.Rcl\FlexBackend.CNT.Rcl.csproj", "{2BD7F514-3B7F-414F-A5CF-05F63CA5372C}"
EndProject
Project("{FAE04EC0-301F-11D3-BF4B-00C04F79EFBC}") = "FlexBackend.ORD.Rcl", "FlexBackend.Module\FlexBackend.ORD.Rcl\FlexBackend.ORD.Rcl.csproj", "{E6784A28-BB0B-4FD6-84F3-404EF697C9E8}"
EndProject
Project("{FAE04EC0-301F-11D3-BF4B-00C04F79EFBC}") = "FlexBackend.SUP.Rcl", "FlexBackend.Module\FlexBackend.SUP.Rcl\FlexBackend.SUP.Rcl.csproj", "{D3F276E5-B320-4E8C-9912-BECC9FD3ACAD}"
EndProject
Project("{FAE04EC0-301F-11D3-BF4B-00C04F79EFBC}") = "FlexBackend.PROD.Rcl", "FlexBackend.Module\FlexBackend.PROD.Rcl\FlexBackend.PROD.Rcl.csproj", "{EF737555-C8D3-47CA-B4E6-B4482569CDA5}"
EndProject
Project("{FAE04EC0-301F-11D3-BF4B-00C04F79EFBC}") = "FlexBackend.Core", "FlexBackend.Share\FlexBackend.Core\FlexBackend.Core.csproj", "{7EBB570C-7484-298D-4B70-5B4316FF2806}"
EndProject
Project("{FAE04EC0-301F-11D3-BF4B-00C04F79EFBC}") = "FlexBackend.Infra", "FlexBackend.Share\FlexBackend.Infra\FlexBackend.Infra.csproj", "{64382741-0336-86F4-324C-1C0339E4C60A}"
EndProject
Project("{FAE04EC0-301F-11D3-BF4B-00C04F79EFBC}") = "FlexBackend.UIKit.Rcl", "FlexBackend.StyleMain\FlexBackend.UIKit.Rcl\FlexBackend.UIKit.Rcl.csproj", "{91EF46B6-B3D4-D2BB-97F5-6D97615118F0}"
EndProject
Project("{FAE04EC0-301F-11D3-BF4B-00C04F79EFBC}") = "FlexBackend.Services", "FlexBackend.Share\FlexBackend.Services\FlexBackend.Services.csproj", "{DD378CC9-9658-45BD-AD62-116F27644C81}"
EndProject
Project("{FAE04EC0-301F-11D3-BF4B-00C04F79EFBC}") = "FlexBackend.Composition", "FlexBackend.Share\FlexBackend.Composition\FlexBackend.Composition.csproj", "{5607354A-AB9E-4B99-B7E8-A9131146D906}"
EndProject
Global
	GlobalSection(SolutionConfigurationPlatforms) = preSolution
		Debug|Any CPU = Debug|Any CPU
		Release|Any CPU = Release|Any CPU
	EndGlobalSection
	GlobalSection(ProjectConfigurationPlatforms) = postSolution
		{F3E81178-2C30-429F-B697-A9A8F2561B3F}.Debug|Any CPU.ActiveCfg = Debug|Any CPU
		{F3E81178-2C30-429F-B697-A9A8F2561B3F}.Debug|Any CPU.Build.0 = Debug|Any CPU
		{F3E81178-2C30-429F-B697-A9A8F2561B3F}.Release|Any CPU.ActiveCfg = Release|Any CPU
		{F3E81178-2C30-429F-B697-A9A8F2561B3F}.Release|Any CPU.Build.0 = Release|Any CPU
		{57537805-50A4-4F9D-B461-8AE1095B528E}.Debug|Any CPU.ActiveCfg = Debug|Any CPU
		{57537805-50A4-4F9D-B461-8AE1095B528E}.Debug|Any CPU.Build.0 = Debug|Any CPU
		{57537805-50A4-4F9D-B461-8AE1095B528E}.Release|Any CPU.ActiveCfg = Release|Any CPU
		{57537805-50A4-4F9D-B461-8AE1095B528E}.Release|Any CPU.Build.0 = Release|Any CPU
		{9F87887B-10CC-4685-B6D2-7D9E97B27303}.Debug|Any CPU.ActiveCfg = Debug|Any CPU
		{9F87887B-10CC-4685-B6D2-7D9E97B27303}.Debug|Any CPU.Build.0 = Debug|Any CPU
		{9F87887B-10CC-4685-B6D2-7D9E97B27303}.Release|Any CPU.ActiveCfg = Release|Any CPU
		{9F87887B-10CC-4685-B6D2-7D9E97B27303}.Release|Any CPU.Build.0 = Release|Any CPU
		{0DF0F225-255C-4780-9773-DEDD2D10F98D}.Debug|Any CPU.ActiveCfg = Debug|Any CPU
		{0DF0F225-255C-4780-9773-DEDD2D10F98D}.Debug|Any CPU.Build.0 = Debug|Any CPU
		{0DF0F225-255C-4780-9773-DEDD2D10F98D}.Release|Any CPU.ActiveCfg = Release|Any CPU
		{0DF0F225-255C-4780-9773-DEDD2D10F98D}.Release|Any CPU.Build.0 = Release|Any CPU
		{2BD7F514-3B7F-414F-A5CF-05F63CA5372C}.Debug|Any CPU.ActiveCfg = Debug|Any CPU
		{2BD7F514-3B7F-414F-A5CF-05F63CA5372C}.Debug|Any CPU.Build.0 = Debug|Any CPU
		{2BD7F514-3B7F-414F-A5CF-05F63CA5372C}.Release|Any CPU.ActiveCfg = Release|Any CPU
		{2BD7F514-3B7F-414F-A5CF-05F63CA5372C}.Release|Any CPU.Build.0 = Release|Any CPU
		{E6784A28-BB0B-4FD6-84F3-404EF697C9E8}.Debug|Any CPU.ActiveCfg = Debug|Any CPU
		{E6784A28-BB0B-4FD6-84F3-404EF697C9E8}.Debug|Any CPU.Build.0 = Debug|Any CPU
		{E6784A28-BB0B-4FD6-84F3-404EF697C9E8}.Release|Any CPU.ActiveCfg = Release|Any CPU
		{E6784A28-BB0B-4FD6-84F3-404EF697C9E8}.Release|Any CPU.Build.0 = Release|Any CPU
		{D3F276E5-B320-4E8C-9912-BECC9FD3ACAD}.Debug|Any CPU.ActiveCfg = Debug|Any CPU
		{D3F276E5-B320-4E8C-9912-BECC9FD3ACAD}.Debug|Any CPU.Build.0 = Debug|Any CPU
		{D3F276E5-B320-4E8C-9912-BECC9FD3ACAD}.Release|Any CPU.ActiveCfg = Release|Any CPU
		{D3F276E5-B320-4E8C-9912-BECC9FD3ACAD}.Release|Any CPU.Build.0 = Release|Any CPU
		{EF737555-C8D3-47CA-B4E6-B4482569CDA5}.Debug|Any CPU.ActiveCfg = Debug|Any CPU
		{EF737555-C8D3-47CA-B4E6-B4482569CDA5}.Debug|Any CPU.Build.0 = Debug|Any CPU
		{EF737555-C8D3-47CA-B4E6-B4482569CDA5}.Release|Any CPU.ActiveCfg = Release|Any CPU
		{EF737555-C8D3-47CA-B4E6-B4482569CDA5}.Release|Any CPU.Build.0 = Release|Any CPU
		{7EBB570C-7484-298D-4B70-5B4316FF2806}.Debug|Any CPU.ActiveCfg = Debug|Any CPU
		{7EBB570C-7484-298D-4B70-5B4316FF2806}.Debug|Any CPU.Build.0 = Debug|Any CPU
		{7EBB570C-7484-298D-4B70-5B4316FF2806}.Release|Any CPU.ActiveCfg = Release|Any CPU
		{7EBB570C-7484-298D-4B70-5B4316FF2806}.Release|Any CPU.Build.0 = Release|Any CPU
		{64382741-0336-86F4-324C-1C0339E4C60A}.Debug|Any CPU.ActiveCfg = Debug|Any CPU
		{64382741-0336-86F4-324C-1C0339E4C60A}.Debug|Any CPU.Build.0 = Debug|Any CPU
		{64382741-0336-86F4-324C-1C0339E4C60A}.Release|Any CPU.ActiveCfg = Release|Any CPU
		{64382741-0336-86F4-324C-1C0339E4C60A}.Release|Any CPU.Build.0 = Release|Any CPU
		{91EF46B6-B3D4-D2BB-97F5-6D97615118F0}.Debug|Any CPU.ActiveCfg = Debug|Any CPU
		{91EF46B6-B3D4-D2BB-97F5-6D97615118F0}.Debug|Any CPU.Build.0 = Debug|Any CPU
		{91EF46B6-B3D4-D2BB-97F5-6D97615118F0}.Release|Any CPU.ActiveCfg = Release|Any CPU
		{91EF46B6-B3D4-D2BB-97F5-6D97615118F0}.Release|Any CPU.Build.0 = Release|Any CPU
		{DD378CC9-9658-45BD-AD62-116F27644C81}.Debug|Any CPU.ActiveCfg = Debug|Any CPU
		{DD378CC9-9658-45BD-AD62-116F27644C81}.Debug|Any CPU.Build.0 = Debug|Any CPU
		{DD378CC9-9658-45BD-AD62-116F27644C81}.Release|Any CPU.ActiveCfg = Release|Any CPU
		{DD378CC9-9658-45BD-AD62-116F27644C81}.Release|Any CPU.Build.0 = Release|Any CPU
		{5607354A-AB9E-4B99-B7E8-A9131146D906}.Debug|Any CPU.ActiveCfg = Debug|Any CPU
		{5607354A-AB9E-4B99-B7E8-A9131146D906}.Debug|Any CPU.Build.0 = Debug|Any CPU
		{5607354A-AB9E-4B99-B7E8-A9131146D906}.Release|Any CPU.ActiveCfg = Release|Any CPU
		{5607354A-AB9E-4B99-B7E8-A9131146D906}.Release|Any CPU.Build.0 = Release|Any CPU
	EndGlobalSection
	GlobalSection(SolutionProperties) = preSolution
		HideSolutionNode = FALSE
	EndGlobalSection
	GlobalSection(NestedProjects) = preSolution
		{57537805-50A4-4F9D-B461-8AE1095B528E} = {B8CF0AB5-AB76-451A-9A5B-5B06E59DC85A}
		{9F87887B-10CC-4685-B6D2-7D9E97B27303} = {B8CF0AB5-AB76-451A-9A5B-5B06E59DC85A}
		{0DF0F225-255C-4780-9773-DEDD2D10F98D} = {B8CF0AB5-AB76-451A-9A5B-5B06E59DC85A}
		{2BD7F514-3B7F-414F-A5CF-05F63CA5372C} = {B8CF0AB5-AB76-451A-9A5B-5B06E59DC85A}
		{E6784A28-BB0B-4FD6-84F3-404EF697C9E8} = {B8CF0AB5-AB76-451A-9A5B-5B06E59DC85A}
		{D3F276E5-B320-4E8C-9912-BECC9FD3ACAD} = {B8CF0AB5-AB76-451A-9A5B-5B06E59DC85A}
		{EF737555-C8D3-47CA-B4E6-B4482569CDA5} = {B8CF0AB5-AB76-451A-9A5B-5B06E59DC85A}
		{7EBB570C-7484-298D-4B70-5B4316FF2806} = {9FF153ED-5BD2-4161-A7BC-0758E5993E6F}
		{64382741-0336-86F4-324C-1C0339E4C60A} = {9FF153ED-5BD2-4161-A7BC-0758E5993E6F}
		{91EF46B6-B3D4-D2BB-97F5-6D97615118F0} = {02EA681E-C7D8-13C7-8484-4AC65E1B71E8}
		{DD378CC9-9658-45BD-AD62-116F27644C81} = {9FF153ED-5BD2-4161-A7BC-0758E5993E6F}
		{5607354A-AB9E-4B99-B7E8-A9131146D906} = {9FF153ED-5BD2-4161-A7BC-0758E5993E6F}
	EndGlobalSection
	GlobalSection(ExtensibilityGlobals) = postSolution
		SolutionGuid = {FBAB1EE1-8942-4641-99D6-AFC92F0F1E14}
	EndGlobalSection
EndGlobal
